
Microsoft Visual Studio Solution File, Format Version 12.00
# Visual Studio Version 17
VisualStudioVersion = 17.11.35222.181
MinimumVisualStudioVersion = 10.0.40219.1
Project("{FAE04EC0-301F-11D3-BF4B-00C04F79EFBC}") = "pdfolvasasoshulyeseg", "pdfolvasasoshulyeseg\pdfolvasasoshulyeseg.csproj", "{4A097C85-0706-4EA1-85D7-112C4C52773B}"
EndProject
Global
	GlobalSection(SolutionConfigurationPlatforms) = preSolution
		Debug|Any CPU = Debug|Any CPU
		Release|Any CPU = Release|Any CPU
	EndGlobalSection
	GlobalSection(ProjectConfigurationPlatforms) = postSolution
		{4A097C85-0706-4EA1-85D7-112C4C52773B}.Debug|Any CPU.ActiveCfg = Debug|Any CPU
		{4A097C85-0706-4EA1-85D7-112C4C52773B}.Debug|Any CPU.Build.0 = Debug|Any CPU
		{4A097C85-0706-4EA1-85D7-112C4C52773B}.Release|Any CPU.ActiveCfg = Release|Any CPU
		{4A097C85-0706-4EA1-85D7-112C4C52773B}.Release|Any CPU.Build.0 = Release|Any CPU
	EndGlobalSection
	GlobalSection(SolutionProperties) = preSolution
		HideSolutionNode = FALSE
	EndGlobalSection
	GlobalSection(ExtensibilityGlobals) = postSolution
		SolutionGuid = {7AFA3AC1-7862-45B5-9C5A-22C3C2BA7561}
	EndGlobalSection
EndGlobal
